
Microsoft Visual Studio Solution File, Format Version 12.00
# Visual Studio Version 17
VisualStudioVersion = 17.8.34309.116
MinimumVisualStudioVersion = 10.0.40219.1
Project("{FAE04EC0-301F-11D3-BF4B-00C04F79EFBC}") = "AddressBookAPI", "AddressBookAPI.csproj", "{ED686FD6-B161-4EE3-BE5A-19647F688E3D}"
EndProject
Project("{FAE04EC0-301F-11D3-BF4B-00C04F79EFBC}") = "AddressBookAPI.Data", "..\AddressBookAPI.Data\AddressBookAPI.Data.csproj", "{D119E659-9F97-44DD-BE22-404F7312FD84}"
EndProject
Project("{FAE04EC0-301F-11D3-BF4B-00C04F79EFBC}") = "AddressBookAPI.Tests", "..\AddressBookAPI.Tests\AddressBookAPI.Tests.csproj", "{56678F6E-D4AA-431D-A8C7-062113A7C50E}"
EndProject
Global
	GlobalSection(SolutionConfigurationPlatforms) = preSolution
		Debug|Any CPU = Debug|Any CPU
		Release|Any CPU = Release|Any CPU
	EndGlobalSection
	GlobalSection(ProjectConfigurationPlatforms) = postSolution
		{ED686FD6-B161-4EE3-BE5A-19647F688E3D}.Debug|Any CPU.ActiveCfg = Debug|Any CPU
		{ED686FD6-B161-4EE3-BE5A-19647F688E3D}.Debug|Any CPU.Build.0 = Debug|Any CPU
		{ED686FD6-B161-4EE3-BE5A-19647F688E3D}.Release|Any CPU.ActiveCfg = Release|Any CPU
		{ED686FD6-B161-4EE3-BE5A-19647F688E3D}.Release|Any CPU.Build.0 = Release|Any CPU
		{D119E659-9F97-44DD-BE22-404F7312FD84}.Debug|Any CPU.ActiveCfg = Debug|Any CPU
		{D119E659-9F97-44DD-BE22-404F7312FD84}.Debug|Any CPU.Build.0 = Debug|Any CPU
		{D119E659-9F97-44DD-BE22-404F7312FD84}.Release|Any CPU.ActiveCfg = Release|Any CPU
		{D119E659-9F97-44DD-BE22-404F7312FD84}.Release|Any CPU.Build.0 = Release|Any CPU
		{56678F6E-D4AA-431D-A8C7-062113A7C50E}.Debug|Any CPU.ActiveCfg = Debug|Any CPU
		{56678F6E-D4AA-431D-A8C7-062113A7C50E}.Debug|Any CPU.Build.0 = Debug|Any CPU
		{56678F6E-D4AA-431D-A8C7-062113A7C50E}.Release|Any CPU.ActiveCfg = Release|Any CPU
		{56678F6E-D4AA-431D-A8C7-062113A7C50E}.Release|Any CPU.Build.0 = Release|Any CPU
	EndGlobalSection
	GlobalSection(SolutionProperties) = preSolution
		HideSolutionNode = FALSE
	EndGlobalSection
	GlobalSection(ExtensibilityGlobals) = postSolution
		SolutionGuid = {DFCF5E53-EA1D-4835-96EC-C33F7B987786}
	EndGlobalSection
EndGlobal
